// !$*UTF8*$!
{
	archiveVersion = 1;
	classes = {
	};
	objectVersion = 55;
	objects = {

/* Begin PBXBuildFile section */
		3E25F69E28E2865C009AF082 /* AppDelegate.swift in Sources */ = {isa = PBXBuildFile; fileRef = 3E25F69D28E2865C009AF082 /* AppDelegate.swift */; };
		3E25F6A028E2865C009AF082 /* SceneDelegate.swift in Sources */ = {isa = PBXBuildFile; fileRef = 3E25F69F28E2865C009AF082 /* SceneDelegate.swift */; };
		3E25F6A228E2865C009AF082 /* ViewController.swift in Sources */ = {isa = PBXBuildFile; fileRef = 3E25F6A128E2865C009AF082 /* ViewController.swift */; };
		3E25F6A528E2865C009AF082 /* Main.storyboard in Resources */ = {isa = PBXBuildFile; fileRef = 3E25F6A328E2865C009AF082 /* Main.storyboard */; };
		3E25F6A728E2865E009AF082 /* Assets.xcassets in Resources */ = {isa = PBXBuildFile; fileRef = 3E25F6A628E2865E009AF082 /* Assets.xcassets */; };
		3E25F6AA28E2865E009AF082 /* LaunchScreen.storyboard in Resources */ = {isa = PBXBuildFile; fileRef = 3E25F6A828E2865E009AF082 /* LaunchScreen.storyboard */; };
		3E25F6B528E2865E009AF082 /* food_menu_tryingTests.swift in Sources */ = {isa = PBXBuildFile; fileRef = 3E25F6B428E2865E009AF082 /* food_menu_tryingTests.swift */; };
		3E25F6BF28E2865E009AF082 /* food_menu_tryingUITests.swift in Sources */ = {isa = PBXBuildFile; fileRef = 3E25F6BE28E2865E009AF082 /* food_menu_tryingUITests.swift */; };
		3E25F6C128E2865E009AF082 /* food_menu_tryingUITestsLaunchTests.swift in Sources */ = {isa = PBXBuildFile; fileRef = 3E25F6C028E2865E009AF082 /* food_menu_tryingUITestsLaunchTests.swift */; };
		3E25F6CF28E298BC009AF082 /* MyCollectionCell.swift in Sources */ = {isa = PBXBuildFile; fileRef = 3E25F6CD28E298BC009AF082 /* MyCollectionCell.swift */; };
		3E25F6D028E298BC009AF082 /* MyCollectionCell.xib in Resources */ = {isa = PBXBuildFile; fileRef = 3E25F6CE28E298BC009AF082 /* MyCollectionCell.xib */; };
		3E5405B128E37FA700D672DD /* CellTableViewCell.swift in Sources */ = {isa = PBXBuildFile; fileRef = 3E5405B028E37FA700D672DD /* CellTableViewCell.swift */; };
		3E5405B328E3804000D672DD /* TableViewController.swift in Sources */ = {isa = PBXBuildFile; fileRef = 3E5405B228E3804000D672DD /* TableViewController.swift */; };
		3E5405B728E4310900D672DD /* DetailedViewController.swift in Sources */ = {isa = PBXBuildFile; fileRef = 3E5405B628E4310900D672DD /* DetailedViewController.swift */; };
		3E73303A28E5FC5700E50471 /* miniImages.swift in Sources */ = {isa = PBXBuildFile; fileRef = 3E73303928E5FC5700E50471 /* miniImages.swift */; };
/* End PBXBuildFile section */

/* Begin PBXContainerItemProxy section */
		3E25F6B128E2865E009AF082 /* PBXContainerItemProxy */ = {
			isa = PBXContainerItemProxy;
			containerPortal = 3E25F69228E2865C009AF082 /* Project object */;
			proxyType = 1;
			remoteGlobalIDString = 3E25F69928E2865C009AF082;
			remoteInfo = "food menu trying";
		};
		3E25F6BB28E2865E009AF082 /* PBXContainerItemProxy */ = {
			isa = PBXContainerItemProxy;
			containerPortal = 3E25F69228E2865C009AF082 /* Project object */;
			proxyType = 1;
			remoteGlobalIDString = 3E25F69928E2865C009AF082;
			remoteInfo = "food menu trying";
		};
/* End PBXContainerItemProxy section */

/* Begin PBXFileReference section */
		3E25F69A28E2865C009AF082 /* food menu trying.app */ = {isa = PBXFileReference; explicitFileType = wrapper.application; includeInIndex = 0; path = "food menu trying.app"; sourceTree = BUILT_PRODUCTS_DIR; };
		3E25F69D28E2865C009AF082 /* AppDelegate.swift */ = {isa = PBXFileReference; lastKnownFileType = sourcecode.swift; path = AppDelegate.swift; sourceTree = "<group>"; };
		3E25F69F28E2865C009AF082 /* SceneDelegate.swift */ = {isa = PBXFileReference; lastKnownFileType = sourcecode.swift; path = SceneDelegate.swift; sourceTree = "<group>"; };
		3E25F6A128E2865C009AF082 /* ViewController.swift */ = {isa = PBXFileReference; lastKnownFileType = sourcecode.swift; path = ViewController.swift; sourceTree = "<group>"; };
		3E25F6A428E2865C009AF082 /* Base */ = {isa = PBXFileReference; lastKnownFileType = file.storyboard; name = Base; path = Base.lproj/Main.storyboard; sourceTree = "<group>"; };
		3E25F6A628E2865E009AF082 /* Assets.xcassets */ = {isa = PBXFileReference; lastKnownFileType = folder.assetcatalog; path = Assets.xcassets; sourceTree = "<group>"; };
		3E25F6A928E2865E009AF082 /* Base */ = {isa = PBXFileReference; lastKnownFileType = file.storyboard; name = Base; path = Base.lproj/LaunchScreen.storyboard; sourceTree = "<group>"; };
		3E25F6AB28E2865E009AF082 /* Info.plist */ = {isa = PBXFileReference; lastKnownFileType = text.plist.xml; path = Info.plist; sourceTree = "<group>"; };
		3E25F6B028E2865E009AF082 /* food menu tryingTests.xctest */ = {isa = PBXFileReference; explicitFileType = wrapper.cfbundle; includeInIndex = 0; path = "food menu tryingTests.xctest"; sourceTree = BUILT_PRODUCTS_DIR; };
		3E25F6B428E2865E009AF082 /* food_menu_tryingTests.swift */ = {isa = PBXFileReference; lastKnownFileType = sourcecode.swift; path = food_menu_tryingTests.swift; sourceTree = "<group>"; };
		3E25F6BA28E2865E009AF082 /* food menu tryingUITests.xctest */ = {isa = PBXFileReference; explicitFileType = wrapper.cfbundle; includeInIndex = 0; path = "food menu tryingUITests.xctest"; sourceTree = BUILT_PRODUCTS_DIR; };
		3E25F6BE28E2865E009AF082 /* food_menu_tryingUITests.swift */ = {isa = PBXFileReference; lastKnownFileType = sourcecode.swift; path = food_menu_tryingUITests.swift; sourceTree = "<group>"; };
		3E25F6C028E2865E009AF082 /* food_menu_tryingUITestsLaunchTests.swift */ = {isa = PBXFileReference; lastKnownFileType = sourcecode.swift; path = food_menu_tryingUITestsLaunchTests.swift; sourceTree = "<group>"; };
		3E25F6CD28E298BC009AF082 /* MyCollectionCell.swift */ = {isa = PBXFileReference; lastKnownFileType = sourcecode.swift; path = MyCollectionCell.swift; sourceTree = "<group>"; };
		3E25F6CE28E298BC009AF082 /* MyCollectionCell.xib */ = {isa = PBXFileReference; lastKnownFileType = file.xib; path = MyCollectionCell.xib; sourceTree = "<group>"; };
		3E5405B028E37FA700D672DD /* CellTableViewCell.swift */ = {isa = PBXFileReference; lastKnownFileType = sourcecode.swift; path = CellTableViewCell.swift; sourceTree = "<group>"; };
		3E5405B228E3804000D672DD /* TableViewController.swift */ = {isa = PBXFileReference; lastKnownFileType = sourcecode.swift; path = TableViewController.swift; sourceTree = "<group>"; };
		3E5405B628E4310900D672DD /* DetailedViewController.swift */ = {isa = PBXFileReference; lastKnownFileType = sourcecode.swift; path = DetailedViewController.swift; sourceTree = "<group>"; };
		3E73303928E5FC5700E50471 /* miniImages.swift */ = {isa = PBXFileReference; lastKnownFileType = sourcecode.swift; path = miniImages.swift; sourceTree = "<group>"; };
/* End PBXFileReference section */

/* Begin PBXFrameworksBuildPhase section */
		3E25F69728E2865C009AF082 /* Frameworks */ = {
			isa = PBXFrameworksBuildPhase;
			buildActionMask = 2147483647;
			files = (
			);
			runOnlyForDeploymentPostprocessing = 0;
		};
		3E25F6AD28E2865E009AF082 /* Frameworks */ = {
			isa = PBXFrameworksBuildPhase;
			buildActionMask = 2147483647;
			files = (
			);
			runOnlyForDeploymentPostprocessing = 0;
		};
		3E25F6B728E2865E009AF082 /* Frameworks */ = {
			isa = PBXFrameworksBuildPhase;
			buildActionMask = 2147483647;
			files = (
			);
			runOnlyForDeploymentPostprocessing = 0;
		};
/* End PBXFrameworksBuildPhase section */

/* Begin PBXGroup section */
		3E25F69128E2865C009AF082 = {
			isa = PBXGroup;
			children = (
				3E25F69C28E2865C009AF082 /* food menu trying */,
				3E25F6B328E2865E009AF082 /* food menu tryingTests */,
				3E25F6BD28E2865E009AF082 /* food menu tryingUITests */,
				3E25F69B28E2865C009AF082 /* Products */,
			);
			sourceTree = "<group>";
		};
		3E25F69B28E2865C009AF082 /* Products */ = {
			isa = PBXGroup;
			children = (
				3E25F69A28E2865C009AF082 /* food menu trying.app */,
				3E25F6B028E2865E009AF082 /* food menu tryingTests.xctest */,
				3E25F6BA28E2865E009AF082 /* food menu tryingUITests.xctest */,
			);
			name = Products;
			sourceTree = "<group>";
		};
		3E25F69C28E2865C009AF082 /* food menu trying */ = {
			isa = PBXGroup;
			children = (
				3E5405B028E37FA700D672DD /* CellTableViewCell.swift */,
				3E5405B228E3804000D672DD /* TableViewController.swift */,
				3E5405B628E4310900D672DD /* DetailedViewController.swift */,
				3E25F6A328E2865C009AF082 /* Main.storyboard */,
				3E73303928E5FC5700E50471 /* miniImages.swift */,
				3E25F69D28E2865C009AF082 /* AppDelegate.swift */,
				3E25F69F28E2865C009AF082 /* SceneDelegate.swift */,
				3E25F6A128E2865C009AF082 /* ViewController.swift */,
				3E25F6A628E2865E009AF082 /* Assets.xcassets */,
				3E25F6A828E2865E009AF082 /* LaunchScreen.storyboard */,
				3E25F6AB28E2865E009AF082 /* Info.plist */,
				3E25F6CD28E298BC009AF082 /* MyCollectionCell.swift */,
				3E25F6CE28E298BC009AF082 /* MyCollectionCell.xib */,
			);
			path = "food menu trying";
			sourceTree = "<group>";
		};
		3E25F6B328E2865E009AF082 /* food menu tryingTests */ = {
			isa = PBXGroup;
			children = (
				3E25F6B428E2865E009AF082 /* food_menu_tryingTests.swift */,
			);
			path = "food menu tryingTests";
			sourceTree = "<group>";
		};
		3E25F6BD28E2865E009AF082 /* food menu tryingUITests */ = {
			isa = PBXGroup;
			children = (
				3E25F6BE28E2865E009AF082 /* food_menu_tryingUITests.swift */,
				3E25F6C028E2865E009AF082 /* food_menu_tryingUITestsLaunchTests.swift */,
			);
			path = "food menu tryingUITests";
			sourceTree = "<group>";
		};
/* End PBXGroup section */

/* Begin PBXNativeTarget section */
		3E25F69928E2865C009AF082 /* food menu trying */ = {
			isa = PBXNativeTarget;
			buildConfigurationList = 3E25F6C428E2865E009AF082 /* Build configuration list for PBXNativeTarget "food menu trying" */;
			buildPhases = (
				3E25F69628E2865C009AF082 /* Sources */,
				3E25F69728E2865C009AF082 /* Frameworks */,
				3E25F69828E2865C009AF082 /* Resources */,
			);
			buildRules = (
			);
			dependencies = (
			);
			name = "food menu trying";
			productName = "food menu trying";
			productReference = 3E25F69A28E2865C009AF082 /* food menu trying.app */;
			productType = "com.apple.product-type.application";
		};
		3E25F6AF28E2865E009AF082 /* food menu tryingTests */ = {
			isa = PBXNativeTarget;
			buildConfigurationList = 3E25F6C728E2865E009AF082 /* Build configuration list for PBXNativeTarget "food menu tryingTests" */;
			buildPhases = (
				3E25F6AC28E2865E009AF082 /* Sources */,
				3E25F6AD28E2865E009AF082 /* Frameworks */,
				3E25F6AE28E2865E009AF082 /* Resources */,
			);
			buildRules = (
			);
			dependencies = (
				3E25F6B228E2865E009AF082 /* PBXTargetDependency */,
			);
			name = "food menu tryingTests";
			productName = "food menu tryingTests";
			productReference = 3E25F6B028E2865E009AF082 /* food menu tryingTests.xctest */;
			productType = "com.apple.product-type.bundle.unit-test";
		};
		3E25F6B928E2865E009AF082 /* food menu tryingUITests */ = {
			isa = PBXNativeTarget;
			buildConfigurationList = 3E25F6CA28E2865E009AF082 /* Build configuration list for PBXNativeTarget "food menu tryingUITests" */;
			buildPhases = (
				3E25F6B628E2865E009AF082 /* Sources */,
				3E25F6B728E2865E009AF082 /* Frameworks */,
				3E25F6B828E2865E009AF082 /* Resources */,
			);
			buildRules = (
			);
			dependencies = (
				3E25F6BC28E2865E009AF082 /* PBXTargetDependency */,
			);
			name = "food menu tryingUITests";
			productName = "food menu tryingUITests";
			productReference = 3E25F6BA28E2865E009AF082 /* food menu tryingUITests.xctest */;
			productType = "com.apple.product-type.bundle.ui-testing";
		};
/* End PBXNativeTarget section */

/* Begin PBXProject section */
		3E25F69228E2865C009AF082 /* Project object */ = {
			isa = PBXProject;
			attributes = {
				BuildIndependentTargetsInParallel = 1;
				LastSwiftUpdateCheck = 1300;
				LastUpgradeCheck = 1300;
				TargetAttributes = {
					3E25F69928E2865C009AF082 = {
						CreatedOnToolsVersion = 13.0;
					};
					3E25F6AF28E2865E009AF082 = {
						CreatedOnToolsVersion = 13.0;
						TestTargetID = 3E25F69928E2865C009AF082;
					};
					3E25F6B928E2865E009AF082 = {
						CreatedOnToolsVersion = 13.0;
						TestTargetID = 3E25F69928E2865C009AF082;
					};
				};
			};
			buildConfigurationList = 3E25F69528E2865C009AF082 /* Build configuration list for PBXProject "food menu trying" */;
			compatibilityVersion = "Xcode 13.0";
			developmentRegion = en;
			hasScannedForEncodings = 0;
			knownRegions = (
				en,
				Base,
			);
			mainGroup = 3E25F69128E2865C009AF082;
			productRefGroup = 3E25F69B28E2865C009AF082 /* Products */;
			projectDirPath = "";
			projectRoot = "";
			targets = (
				3E25F69928E2865C009AF082 /* food menu trying */,
				3E25F6AF28E2865E009AF082 /* food menu tryingTests */,
				3E25F6B928E2865E009AF082 /* food menu tryingUITests */,
			);
		};
/* End PBXProject section */

/* Begin PBXResourcesBuildPhase section */
		3E25F69828E2865C009AF082 /* Resources */ = {
			isa = PBXResourcesBuildPhase;
			buildActionMask = 2147483647;
			files = (
				3E25F6AA28E2865E009AF082 /* LaunchScreen.storyboard in Resources */,
				3E25F6A728E2865E009AF082 /* Assets.xcassets in Resources */,
				3E25F6A528E2865C009AF082 /* Main.storyboard in Resources */,
				3E25F6D028E298BC009AF082 /* MyCollectionCell.xib in Resources */,
			);
			runOnlyForDeploymentPostprocessing = 0;
		};
		3E25F6AE28E2865E009AF082 /* Resources */ = {
			isa = PBXResourcesBuildPhase;
			buildActionMask = 2147483647;
			files = (
			);
			runOnlyForDeploymentPostprocessing = 0;
		};
		3E25F6B828E2865E009AF082 /* Resources */ = {
			isa = PBXResourcesBuildPhase;
			buildActionMask = 2147483647;
			files = (
			);
			runOnlyForDeploymentPostprocessing = 0;
		};
/* End PBXResourcesBuildPhase section */

/* Begin PBXSourcesBuildPhase section */
		3E25F69628E2865C009AF082 /* Sources */ = {
			isa = PBXSourcesBuildPhase;
			buildActionMask = 2147483647;
			files = (
				3E5405B728E4310900D672DD /* DetailedViewController.swift in Sources */,
				3E5405B128E37FA700D672DD /* CellTableViewCell.swift in Sources */,
				3E5405B328E3804000D672DD /* TableViewController.swift in Sources */,
				3E25F6A228E2865C009AF082 /* ViewController.swift in Sources */,
				3E25F69E28E2865C009AF082 /* AppDelegate.swift in Sources */,
				3E25F6A028E2865C009AF082 /* SceneDelegate.swift in Sources */,
				3E73303A28E5FC5700E50471 /* miniImages.swift in Sources */,
				3E25F6CF28E298BC009AF082 /* MyCollectionCell.swift in Sources */,
			);
			runOnlyForDeploymentPostprocessing = 0;
		};
		3E25F6AC28E2865E009AF082 /* Sources */ = {
			isa = PBXSourcesBuildPhase;
			buildActionMask = 2147483647;
			files = (
				3E25F6B528E2865E009AF082 /* food_menu_tryingTests.swift in Sources */,
			);
			runOnlyForDeploymentPostprocessing = 0;
		};
		3E25F6B628E2865E009AF082 /* Sources */ = {
			isa = PBXSourcesBuildPhase;
			buildActionMask = 2147483647;
			files = (
				3E25F6C128E2865E009AF082 /* food_menu_tryingUITestsLaunchTests.swift in Sources */,
				3E25F6BF28E2865E009AF082 /* food_menu_tryingUITests.swift in Sources */,
			);
			runOnlyForDeploymentPostprocessing = 0;
		};
/* End PBXSourcesBuildPhase section */

/* Begin PBXTargetDependency section */
		3E25F6B228E2865E009AF082 /* PBXTargetDependency */ = {
			isa = PBXTargetDependency;
			target = 3E25F69928E2865C009AF082 /* food menu trying */;
			targetProxy = 3E25F6B128E2865E009AF082 /* PBXContainerItemProxy */;
		};
		3E25F6BC28E2865E009AF082 /* PBXTargetDependency */ = {
			isa = PBXTargetDependency;
			target = 3E25F69928E2865C009AF082 /* food menu trying */;
			targetProxy = 3E25F6BB28E2865E009AF082 /* PBXContainerItemProxy */;
		};
/* End PBXTargetDependency section */

/* Begin PBXVariantGroup section */
		3E25F6A328E2865C009AF082 /* Main.storyboard */ = {
			isa = PBXVariantGroup;
			children = (
				3E25F6A428E2865C009AF082 /* Base */,
			);
			name = Main.storyboard;
			sourceTree = "<group>";
		};
		3E25F6A828E2865E009AF082 /* LaunchScreen.storyboard */ = {
			isa = PBXVariantGroup;
			children = (
				3E25F6A928E2865E009AF082 /* Base */,
			);
			name = LaunchScreen.storyboard;
			sourceTree = "<group>";
		};
/* End PBXVariantGroup section */

/* Begin XCBuildConfiguration section */
		3E25F6C228E2865E009AF082 /* Debug */ = {
			isa = XCBuildConfiguration;
			buildSettings = {
				ALWAYS_SEARCH_USER_PATHS = NO;
				CLANG_ANALYZER_NONNULL = YES;
				CLANG_ANALYZER_NUMBER_OBJECT_CONVERSION = YES_AGGRESSIVE;
				CLANG_CXX_LANGUAGE_STANDARD = "gnu++17";
				CLANG_CXX_LIBRARY = "libc++";
				CLANG_ENABLE_MODULES = YES;
				CLANG_ENABLE_OBJC_ARC = YES;
				CLANG_ENABLE_OBJC_WEAK = YES;
				CLANG_WARN_BLOCK_CAPTURE_AUTORELEASING = YES;
				CLANG_WARN_BOOL_CONVERSION = YES;
				CLANG_WARN_COMMA = YES;
				CLANG_WARN_CONSTANT_CONVERSION = YES;
				CLANG_WARN_DEPRECATED_OBJC_IMPLEMENTATIONS = YES;
				CLANG_WARN_DIRECT_OBJC_ISA_USAGE = YES_ERROR;
				CLANG_WARN_DOCUMENTATION_COMMENTS = YES;
				CLANG_WARN_EMPTY_BODY = YES;
				CLANG_WARN_ENUM_CONVERSION = YES;
				CLANG_WARN_INFINITE_RECURSION = YES;
				CLANG_WARN_INT_CONVERSION = YES;
				CLANG_WARN_NON_LITERAL_NULL_CONVERSION = YES;
				CLANG_WARN_OBJC_IMPLICIT_RETAIN_SELF = YES;
				CLANG_WARN_OBJC_LITERAL_CONVERSION = YES;
				CLANG_WARN_OBJC_ROOT_CLASS = YES_ERROR;
				CLANG_WARN_QUOTED_INCLUDE_IN_FRAMEWORK_HEADER = YES;
				CLANG_WARN_RANGE_LOOP_ANALYSIS = YES;
				CLANG_WARN_STRICT_PROTOTYPES = YES;
				CLANG_WARN_SUSPICIOUS_MOVE = YES;
				CLANG_WARN_UNGUARDED_AVAILABILITY = YES_AGGRESSIVE;
				CLANG_WARN_UNREACHABLE_CODE = YES;
				CLANG_WARN__DUPLICATE_METHOD_MATCH = YES;
				COPY_PHASE_STRIP = NO;
				DEBUG_INFORMATION_FORMAT = dwarf;
				ENABLE_STRICT_OBJC_MSGSEND = YES;
				ENABLE_TESTABILITY = YES;
				GCC_C_LANGUAGE_STANDARD = gnu11;
				GCC_DYNAMIC_NO_PIC = NO;
				GCC_NO_COMMON_BLOCKS = YES;
				GCC_OPTIMIZATION_LEVEL = 0;
				GCC_PREPROCESSOR_DEFINITIONS = (
					"DEBUG=1",
					"$(inherited)",
				);
				GCC_WARN_64_TO_32_BIT_CONVERSION = YES;
				GCC_WARN_ABOUT_RETURN_TYPE = YES_ERROR;
				GCC_WARN_UNDECLARED_SELECTOR = YES;
				GCC_WARN_UNINITIALIZED_AUTOS = YES_AGGRESSIVE;
				GCC_WARN_UNUSED_FUNCTION = YES;
				GCC_WARN_UNUSED_VARIABLE = YES;
				IPHONEOS_DEPLOYMENT_TARGET = 15.0;
				MTL_ENABLE_DEBUG_INFO = INCLUDE_SOURCE;
				MTL_FAST_MATH = YES;
				ONLY_ACTIVE_ARCH = YES;
				SDKROOT = iphoneos;
				SWIFT_ACTIVE_COMPILATION_CONDITIONS = DEBUG;
				SWIFT_OPTIMIZATION_LEVEL = "-Onone";
			};
			name = Debug;
		};
		3E25F6C328E2865E009AF082 /* Release */ = {
			isa = XCBuildConfiguration;
			buildSettings = {
				ALWAYS_SEARCH_USER_PATHS = NO;
				CLANG_ANALYZER_NONNULL = YES;
				CLANG_ANALYZER_NUMBER_OBJECT_CONVERSION = YES_AGGRESSIVE;
				CLANG_CXX_LANGUAGE_STANDARD = "gnu++17";
				CLANG_CXX_LIBRARY = "libc++";
				CLANG_ENABLE_MODULES = YES;
				CLANG_ENABLE_OBJC_ARC = YES;
				CLANG_ENABLE_OBJC_WEAK = YES;
				CLANG_WARN_BLOCK_CAPTURE_AUTORELEASING = YES;
				CLANG_WARN_BOOL_CONVERSION = YES;
				CLANG_WARN_COMMA = YES;
				CLANG_WARN_CONSTANT_CONVERSION = YES;
				CLANG_WARN_DEPRECATED_OBJC_IMPLEMENTATIONS = YES;
				CLANG_WARN_DIRECT_OBJC_ISA_USAGE = YES_ERROR;
				CLANG_WARN_DOCUMENTATION_COMMENTS = YES;
				CLANG_WARN_EMPTY_BODY = YES;
				CLANG_WARN_ENUM_CONVERSION = YES;
				CLANG_WARN_INFINITE_RECURSION = YES;
				CLANG_WARN_INT_CONVERSION = YES;
				CLANG_WARN_NON_LITERAL_NULL_CONVERSION = YES;
				CLANG_WARN_OBJC_IMPLICIT_RETAIN_SELF = YES;
				CLANG_WARN_OBJC_LITERAL_CONVERSION = YES;
				CLANG_WARN_OBJC_ROOT_CLASS = YES_ERROR;
				CLANG_WARN_QUOTED_INCLUDE_IN_FRAMEWORK_HEADER = YES;
				CLANG_WARN_RANGE_LOOP_ANALYSIS = YES;
				CLANG_WARN_STRICT_PROTOTYPES = YES;
				CLANG_WARN_SUSPICIOUS_MOVE = YES;
				CLANG_WARN_UNGUARDED_AVAILABILITY = YES_AGGRESSIVE;
				CLANG_WARN_UNREACHABLE_CODE = YES;
				CLANG_WARN__DUPLICATE_METHOD_MATCH = YES;
				COPY_PHASE_STRIP = NO;
				DEBUG_INFORMATION_FORMAT = "dwarf-with-dsym";
				ENABLE_NS_ASSERTIONS = NO;
				ENABLE_STRICT_OBJC_MSGSEND = YES;
				GCC_C_LANGUAGE_STANDARD = gnu11;
				GCC_NO_COMMON_BLOCKS = YES;
				GCC_WARN_64_TO_32_BIT_CONVERSION = YES;
				GCC_WARN_ABOUT_RETURN_TYPE = YES_ERROR;
				GCC_WARN_UNDECLARED_SELECTOR = YES;
				GCC_WARN_UNINITIALIZED_AUTOS = YES_AGGRESSIVE;
				GCC_WARN_UNUSED_FUNCTION = YES;
				GCC_WARN_UNUSED_VARIABLE = YES;
				IPHONEOS_DEPLOYMENT_TARGET = 15.0;
				MTL_ENABLE_DEBUG_INFO = NO;
				MTL_FAST_MATH = YES;
				SDKROOT = iphoneos;
				SWIFT_COMPILATION_MODE = wholemodule;
				SWIFT_OPTIMIZATION_LEVEL = "-O";
				VALIDATE_PRODUCT = YES;
			};
			name = Release;
		};
		3E25F6C528E2865E009AF082 /* Debug */ = {
			isa = XCBuildConfiguration;
			buildSettings = {
				ASSETCATALOG_COMPILER_APPICON_NAME = AppIcon;
				ASSETCATALOG_COMPILER_GLOBAL_ACCENT_COLOR_NAME = AccentColor;
				CODE_SIGN_STYLE = Automatic;
				CURRENT_PROJECT_VERSION = 1;
				DEVELOPMENT_TEAM = 3LM2Y8Y8P2;
				GENERATE_INFOPLIST_FILE = YES;
				INFOPLIST_FILE = "food menu trying/Info.plist";
				INFOPLIST_KEY_UIApplicationSupportsIndirectInputEvents = YES;
				INFOPLIST_KEY_UILaunchStoryboardName = LaunchScreen;
				INFOPLIST_KEY_UIMainStoryboardFile = Main;
				INFOPLIST_KEY_UISupportedInterfaceOrientations_iPad = "UIInterfaceOrientationPortrait UIInterfaceOrientationPortraitUpsideDown UIInterfaceOrientationLandscapeLeft UIInterfaceOrientationLandscapeRight";
				INFOPLIST_KEY_UISupportedInterfaceOrientations_iPhone = "UIInterfaceOrientationPortrait UIInterfaceOrientationLandscapeLeft UIInterfaceOrientationLandscapeRight";
				LD_RUNPATH_SEARCH_PATHS = (
					"$(inherited)",
					"@executable_path/Frameworks",
				);
				MARKETING_VERSION = 1.0;
				PRODUCT_BUNDLE_IDENTIFIER = "Testorg.food-menu-trying";
				PRODUCT_NAME = "$(TARGET_NAME)";
				SWIFT_EMIT_LOC_STRINGS = YES;
				SWIFT_VERSION = 5.0;
				TARGETED_DEVICE_FAMILY = "1,2";
			};
			name = Debug;
		};
		3E25F6C628E2865E009AF082 /* Release */ = {
			isa = XCBuildConfiguration;
			buildSettings = {
				ASSETCATALOG_COMPILER_APPICON_NAME = AppIcon;
				ASSETCATALOG_COMPILER_GLOBAL_ACCENT_COLOR_NAME = AccentColor;
				CODE_SIGN_STYLE = Automatic;
				CURRENT_PROJECT_VERSION = 1;
				DEVELOPMENT_TEAM = 3LM2Y8Y8P2;
				GENERATE_INFOPLIST_FILE = YES;
				INFOPLIST_FILE = "food menu trying/Info.plist";
				INFOPLIST_KEY_UIApplicationSupportsIndirectInputEvents = YES;
				INFOPLIST_KEY_UILaunchStoryboardName = LaunchScreen;
				INFOPLIST_KEY_UIMainStoryboardFile = Main;
				INFOPLIST_KEY_UISupportedInterfaceOrientations_iPad = "UIInterfaceOrientationPortrait UIInterfaceOrientationPortraitUpsideDown UIInterfaceOrientationLandscapeLeft UIInterfaceOrientationLandscapeRight";
				INFOPLIST_KEY_UISupportedInterfaceOrientations_iPhone = "UIInterfaceOrientationPortrait UIInterfaceOrientationLandscapeLeft UIInterfaceOrientationLandscapeRight";
				LD_RUNPATH_SEARCH_PATHS = (
					"$(inherited)",
					"@executable_path/Frameworks",
				);
				MARKETING_VERSION = 1.0;
				PRODUCT_BUNDLE_IDENTIFIER = "Testorg.food-menu-trying";
				PRODUCT_NAME = "$(TARGET_NAME)";
				SWIFT_EMIT_LOC_STRINGS = YES;
				SWIFT_VERSION = 5.0;
				TARGETED_DEVICE_FAMILY = "1,2";
			};
			name = Release;
		};
		3E25F6C828E2865E009AF082 /* Debug */ = {
			isa = XCBuildConfiguration;
			buildSettings = {
				ALWAYS_EMBED_SWIFT_STANDARD_LIBRARIES = YES;
				BUNDLE_LOADER = "$(TEST_HOST)";
				CODE_SIGN_STYLE = Automatic;
				CURRENT_PROJECT_VERSION = 1;
				DEVELOPMENT_TEAM = 3LM2Y8Y8P2;
				GENERATE_INFOPLIST_FILE = YES;
				IPHONEOS_DEPLOYMENT_TARGET = 15.0;
				LD_RUNPATH_SEARCH_PATHS = (
					"$(inherited)",
					"@executable_path/Frameworks",
					"@loader_path/Frameworks",
				);
				MARKETING_VERSION = 1.0;
				PRODUCT_BUNDLE_IDENTIFIER = "Testorg.food-menu-tryingTests";
				PRODUCT_NAME = "$(TARGET_NAME)";
				SWIFT_EMIT_LOC_STRINGS = NO;
				SWIFT_VERSION = 5.0;
				TARGETED_DEVICE_FAMILY = "1,2";
				TEST_HOST = "$(BUILT_PRODUCTS_DIR)/food menu trying.app/food menu trying";
			};
			name = Debug;
		};
		3E25F6C928E2865E009AF082 /* Release */ = {
			isa = XCBuildConfiguration;
			buildSettings = {
				ALWAYS_EMBED_SWIFT_STANDARD_LIBRARIES = YES;
				BUNDLE_LOADER = "$(TEST_HOST)";
				CODE_SIGN_STYLE = Automatic;
				CURRENT_PROJECT_VERSION = 1;
				DEVELOPMENT_TEAM = 3LM2Y8Y8P2;
				GENERATE_INFOPLIST_FILE = YES;
				IPHONEOS_DEPLOYMENT_TARGET = 15.0;
				LD_RUNPATH_SEARCH_PATHS = (
					"$(inherited)",
					"@executable_path/Frameworks",
					"@loader_path/Frameworks",
				);
				MARKETING_VERSION = 1.0;
				PRODUCT_BUNDLE_IDENTIFIER = "Testorg.food-menu-tryingTests";
				PRODUCT_NAME = "$(TARGET_NAME)";
				SWIFT_EMIT_LOC_STRINGS = NO;
				SWIFT_VERSION = 5.0;
				TARGETED_DEVICE_FAMILY = "1,2";
				TEST_HOST = "$(BUILT_PRODUCTS_DIR)/food menu trying.app/food menu trying";
			};
			name = Release;
		};
		3E25F6CB28E2865E009AF082 /* Debug */ = {
			isa = XCBuildConfiguration;
			buildSettings = {
				ALWAYS_EMBED_SWIFT_STANDARD_LIBRARIES = YES;
				CODE_SIGN_STYLE = Automatic;
				CURRENT_PROJECT_VERSION = 1;
				DEVELOPMENT_TEAM = 3LM2Y8Y8P2;
				GENERATE_INFOPLIST_FILE = YES;
				LD_RUNPATH_SEARCH_PATHS = (
					"$(inherited)",
					"@executable_path/Frameworks",
					"@loader_path/Frameworks",
				);
				MARKETING_VERSION = 1.0;
				PRODUCT_BUNDLE_IDENTIFIER = "Testorg.food-menu-tryingUITests";
				PRODUCT_NAME = "$(TARGET_NAME)";
				SWIFT_EMIT_LOC_STRINGS = NO;
				SWIFT_VERSION = 5.0;
				TARGETED_DEVICE_FAMILY = "1,2";
				TEST_TARGET_NAME = "food menu trying";
			};
			name = Debug;
		};
		3E25F6CC28E2865E009AF082 /* Release */ = {
			isa = XCBuildConfiguration;
			buildSettings = {
				ALWAYS_EMBED_SWIFT_STANDARD_LIBRARIES = YES;
				CODE_SIGN_STYLE = Automatic;
				CURRENT_PROJECT_VERSION = 1;
				DEVELOPMENT_TEAM = 3LM2Y8Y8P2;
				GENERATE_INFOPLIST_FILE = YES;
				LD_RUNPATH_SEARCH_PATHS = (
					"$(inherited)",
					"@executable_path/Frameworks",
					"@loader_path/Frameworks",
				);
				MARKETING_VERSION = 1.0;
				PRODUCT_BUNDLE_IDENTIFIER = "Testorg.food-menu-tryingUITests";
				PRODUCT_NAME = "$(TARGET_NAME)";
				SWIFT_EMIT_LOC_STRINGS = NO;
				SWIFT_VERSION = 5.0;
				TARGETED_DEVICE_FAMILY = "1,2";
				TEST_TARGET_NAME = "food menu trying";
			};
			name = Release;
		};
/* End XCBuildConfiguration section */

/* Begin XCConfigurationList section */
		3E25F69528E2865C009AF082 /* Build configuration list for PBXProject "food menu trying" */ = {
			isa = XCConfigurationList;
			buildConfigurations = (
				3E25F6C228E2865E009AF082 /* Debug */,
				3E25F6C328E2865E009AF082 /* Release */,
			);
			defaultConfigurationIsVisible = 0;
			defaultConfigurationName = Release;
		};
		3E25F6C428E2865E009AF082 /* Build configuration list for PBXNativeTarget "food menu trying" */ = {
			isa = XCConfigurationList;
			buildConfigurations = (
				3E25F6C528E2865E009AF082 /* Debug */,
				3E25F6C628E2865E009AF082 /* Release */,
			);
			defaultConfigurationIsVisible = 0;
			defaultConfigurationName = Release;
		};
		3E25F6C728E2865E009AF082 /* Build configuration list for PBXNativeTarget "food menu tryingTests" */ = {
			isa = XCConfigurationList;
			buildConfigurations = (
				3E25F6C828E2865E009AF082 /* Debug */,
				3E25F6C928E2865E009AF082 /* Release */,
			);
			defaultConfigurationIsVisible = 0;
			defaultConfigurationName = Release;
		};
		3E25F6CA28E2865E009AF082 /* Build configuration list for PBXNativeTarget "food menu tryingUITests" */ = {
			isa = XCConfigurationList;
			buildConfigurations = (
				3E25F6CB28E2865E009AF082 /* Debug */,
				3E25F6CC28E2865E009AF082 /* Release */,
			);
			defaultConfigurationIsVisible = 0;
			defaultConfigurationName = Release;
		};
/* End XCConfigurationList section */
	};
	rootObject = 3E25F69228E2865C009AF082 /* Project object */;
}
